
Microsoft Visual Studio Solution File, Format Version 12.00
# Visual Studio Version 16
VisualStudioVersion = 16.0.30225.117
MinimumVisualStudioVersion = 10.0.40219.1
Project("{2150E333-8FDC-42A3-9474-1A3956D46DE8}") = "Services", "Services", "{A09CCF25-C3EC-4D34-8101-70EF93F3D8B8}"
EndProject
Project("{2150E333-8FDC-42A3-9474-1A3956D46DE8}") = "DevOps", "DevOps", "{13A1056D-6798-41C2-8DAE-F75CE9DDEF55}"
EndProject
Project("{9A19103F-16F7-4668-BE54-9A1E7A4F7556}") = "ShippingApp.Api", "ShippingApp.Api\ShippingApp.Api.csproj", "{8A9EAA9A-F06F-443F-BC74-3502BDC63E9D}"
EndProject
Project("{9A19103F-16F7-4668-BE54-9A1E7A4F7556}") = "ShippingApp.Domain", "ShippingApp.Domain\ShippingApp.Domain.csproj", "{F5330E3C-37E0-46E7-9002-DC85E7AEA669}"
EndProject
Project("{9A19103F-16F7-4668-BE54-9A1E7A4F7556}") = "ShippingApp.Persistence", "ShippingApp.Persistence\ShippingApp.Persistence.csproj", "{F02FD154-ED1B-4EB7-94A6-9D09DC70BE86}"
EndProject
Project("{9A19103F-16F7-4668-BE54-9A1E7A4F7556}") = "ShippingApp.Application", "ShippingApp.Application\ShippingApp.Application.csproj", "{079DAEF0-E01A-48AE-9F86-0A762A5486CC}"
EndProject
Project("{9A19103F-16F7-4668-BE54-9A1E7A4F7556}") = "ShippingApp.Infrastructure", "ShippingApp.Infrastructure\ShippingApp.Infrastructure.csproj", "{1DA03B5E-6CF1-4067-9EE5-2C639C50BED6}"
EndProject
Project("{9A19103F-16F7-4668-BE54-9A1E7A4F7556}") = "ShippingApp.Migration", "ShippingApp.Migration\ShippingApp.Migration.csproj", "{B9740DAA-48D6-4F6E-8F49-6731344178EF}"
EndProject
Global
	GlobalSection(SolutionConfigurationPlatforms) = preSolution
		Debug|Any CPU = Debug|Any CPU
		Release|Any CPU = Release|Any CPU
	EndGlobalSection
	GlobalSection(ProjectConfigurationPlatforms) = postSolution
		{8A9EAA9A-F06F-443F-BC74-3502BDC63E9D}.Debug|Any CPU.ActiveCfg = Debug|Any CPU
		{8A9EAA9A-F06F-443F-BC74-3502BDC63E9D}.Debug|Any CPU.Build.0 = Debug|Any CPU
		{8A9EAA9A-F06F-443F-BC74-3502BDC63E9D}.Release|Any CPU.ActiveCfg = Release|Any CPU
		{8A9EAA9A-F06F-443F-BC74-3502BDC63E9D}.Release|Any CPU.Build.0 = Release|Any CPU
		{F5330E3C-37E0-46E7-9002-DC85E7AEA669}.Debug|Any CPU.ActiveCfg = Debug|Any CPU
		{F5330E3C-37E0-46E7-9002-DC85E7AEA669}.Debug|Any CPU.Build.0 = Debug|Any CPU
		{F5330E3C-37E0-46E7-9002-DC85E7AEA669}.Release|Any CPU.ActiveCfg = Release|Any CPU
		{F5330E3C-37E0-46E7-9002-DC85E7AEA669}.Release|Any CPU.Build.0 = Release|Any CPU
		{F02FD154-ED1B-4EB7-94A6-9D09DC70BE86}.Debug|Any CPU.ActiveCfg = Debug|Any CPU
		{F02FD154-ED1B-4EB7-94A6-9D09DC70BE86}.Debug|Any CPU.Build.0 = Debug|Any CPU
		{F02FD154-ED1B-4EB7-94A6-9D09DC70BE86}.Release|Any CPU.ActiveCfg = Release|Any CPU
		{F02FD154-ED1B-4EB7-94A6-9D09DC70BE86}.Release|Any CPU.Build.0 = Release|Any CPU
		{079DAEF0-E01A-48AE-9F86-0A762A5486CC}.Debug|Any CPU.ActiveCfg = Debug|Any CPU
		{079DAEF0-E01A-48AE-9F86-0A762A5486CC}.Debug|Any CPU.Build.0 = Debug|Any CPU
		{079DAEF0-E01A-48AE-9F86-0A762A5486CC}.Release|Any CPU.ActiveCfg = Release|Any CPU
		{079DAEF0-E01A-48AE-9F86-0A762A5486CC}.Release|Any CPU.Build.0 = Release|Any CPU
		{1DA03B5E-6CF1-4067-9EE5-2C639C50BED6}.Debug|Any CPU.ActiveCfg = Debug|Any CPU
		{1DA03B5E-6CF1-4067-9EE5-2C639C50BED6}.Debug|Any CPU.Build.0 = Debug|Any CPU
		{1DA03B5E-6CF1-4067-9EE5-2C639C50BED6}.Release|Any CPU.ActiveCfg = Release|Any CPU
		{1DA03B5E-6CF1-4067-9EE5-2C639C50BED6}.Release|Any CPU.Build.0 = Release|Any CPU
		{B9740DAA-48D6-4F6E-8F49-6731344178EF}.Debug|Any CPU.ActiveCfg = Debug|Any CPU
		{B9740DAA-48D6-4F6E-8F49-6731344178EF}.Debug|Any CPU.Build.0 = Debug|Any CPU
		{B9740DAA-48D6-4F6E-8F49-6731344178EF}.Release|Any CPU.ActiveCfg = Release|Any CPU
		{B9740DAA-48D6-4F6E-8F49-6731344178EF}.Release|Any CPU.Build.0 = Release|Any CPU
	EndGlobalSection
	GlobalSection(SolutionProperties) = preSolution
		HideSolutionNode = FALSE
	EndGlobalSection
	GlobalSection(NestedProjects) = preSolution
		{8A9EAA9A-F06F-443F-BC74-3502BDC63E9D} = {A09CCF25-C3EC-4D34-8101-70EF93F3D8B8}
		{F5330E3C-37E0-46E7-9002-DC85E7AEA669} = {A09CCF25-C3EC-4D34-8101-70EF93F3D8B8}
		{F02FD154-ED1B-4EB7-94A6-9D09DC70BE86} = {A09CCF25-C3EC-4D34-8101-70EF93F3D8B8}
		{079DAEF0-E01A-48AE-9F86-0A762A5486CC} = {A09CCF25-C3EC-4D34-8101-70EF93F3D8B8}
		{1DA03B5E-6CF1-4067-9EE5-2C639C50BED6} = {A09CCF25-C3EC-4D34-8101-70EF93F3D8B8}
		{B9740DAA-48D6-4F6E-8F49-6731344178EF} = {13A1056D-6798-41C2-8DAE-F75CE9DDEF55}
	EndGlobalSection
	GlobalSection(ExtensibilityGlobals) = postSolution
		SolutionGuid = {DA1C4E98-BDEC-483F-9849-0DB36C44E5A0}
	EndGlobalSection
EndGlobal
